// !$*UTF8*$!
{
	archiveVersion = 1;
	classes = {
	};
	objectVersion = 46;
	objects = {

/* Begin PBXBuildFile section */
		74F4C8FC1D1962B200B05AED /* AppDelegate.swift in Sources */ = {isa = PBXBuildFile; fileRef = 74F4C8FB1D1962B200B05AED /* AppDelegate.swift */; };
		74F4C8FE1D1962B200B05AED /* ViewController.swift in Sources */ = {isa = PBXBuildFile; fileRef = 74F4C8FD1D1962B200B05AED /* ViewController.swift */; };
		74F4C9011D1962B200B05AED /* Main.storyboard in Resources */ = {isa = PBXBuildFile; fileRef = 74F4C8FF1D1962B200B05AED /* Main.storyboard */; };
		74F4C9031D1962B200B05AED /* Assets.xcassets in Resources */ = {isa = PBXBuildFile; fileRef = 74F4C9021D1962B200B05AED /* Assets.xcassets */; };
		74F4C9061D1962B200B05AED /* LaunchScreen.storyboard in Resources */ = {isa = PBXBuildFile; fileRef = 74F4C9041D1962B200B05AED /* LaunchScreen.storyboard */; };
		74F4C9111D1962B200B05AED /* FirstSwiftTests.swift in Sources */ = {isa = PBXBuildFile; fileRef = 74F4C9101D1962B200B05AED /* FirstSwiftTests.swift */; };
		74F4C91C1D1962B200B05AED /* FirstSwiftUITests.swift in Sources */ = {isa = PBXBuildFile; fileRef = 74F4C91B1D1962B200B05AED /* FirstSwiftUITests.swift */; };
/* End PBXBuildFile section */

/* Begin PBXContainerItemProxy section */
		74F4C90D1D1962B200B05AED /* PBXContainerItemProxy */ = {
			isa = PBXContainerItemProxy;
			containerPortal = 74F4C8F01D1962B100B05AED /* Project object */;
			proxyType = 1;
			remoteGlobalIDString = 74F4C8F71D1962B200B05AED;
			remoteInfo = FirstSwift;
		};
		74F4C9181D1962B200B05AED /* PBXContainerItemProxy */ = {
			isa = PBXContainerItemProxy;
			containerPortal = 74F4C8F01D1962B100B05AED /* Project object */;
			proxyType = 1;
			remoteGlobalIDString = 74F4C8F71D1962B200B05AED;
			remoteInfo = FirstSwift;
		};
/* End PBXContainerItemProxy section */

/* Begin PBXFileReference section */
		74F4C8F81D1962B200B05AED /* FirstSwift.app */ = {isa = PBXFileReference; explicitFileType = wrapper.application; includeInIndex = 0; path = FirstSwift.app; sourceTree = BUILT_PRODUCTS_DIR; };
		74F4C8FB1D1962B200B05AED /* AppDelegate.swift */ = {isa = PBXFileReference; lastKnownFileType = sourcecode.swift; path = AppDelegate.swift; sourceTree = "<group>"; };
		74F4C8FD1D1962B200B05AED /* ViewController.swift */ = {isa = PBXFileReference; lastKnownFileType = sourcecode.swift; path = ViewController.swift; sourceTree = "<group>"; };
		74F4C9001D1962B200B05AED /* Base */ = {isa = PBXFileReference; lastKnownFileType = file.storyboard; name = Base; path = Base.lproj/Main.storyboard; sourceTree = "<group>"; };
		74F4C9021D1962B200B05AED /* Assets.xcassets */ = {isa = PBXFileReference; lastKnownFileType = folder.assetcatalog; path = Assets.xcassets; sourceTree = "<group>"; };
		74F4C9051D1962B200B05AED /* Base */ = {isa = PBXFileReference; lastKnownFileType = file.storyboard; name = Base; path = Base.lproj/LaunchScreen.storyboard; sourceTree = "<group>"; };
		74F4C9071D1962B200B05AED /* Info.plist */ = {isa = PBXFileReference; lastKnownFileType = text.plist.xml; path = Info.plist; sourceTree = "<group>"; };
		74F4C90C1D1962B200B05AED /* FirstSwiftTests.xctest */ = {isa = PBXFileReference; explicitFileType = wrapper.cfbundle; includeInIndex = 0; path = FirstSwiftTests.xctest; sourceTree = BUILT_PRODUCTS_DIR; };
		74F4C9101D1962B200B05AED /* FirstSwiftTests.swift */ = {isa = PBXFileReference; lastKnownFileType = sourcecode.swift; path = FirstSwiftTests.swift; sourceTree = "<group>"; };
		74F4C9121D1962B200B05AED /* Info.plist */ = {isa = PBXFileReference; lastKnownFileType = text.plist.xml; path = Info.plist; sourceTree = "<group>"; };
		74F4C9171D1962B200B05AED /* FirstSwiftUITests.xctest */ = {isa = PBXFileReference; explicitFileType = wrapper.cfbundle; includeInIndex = 0; path = FirstSwiftUITests.xctest; sourceTree = BUILT_PRODUCTS_DIR; };
		74F4C91B1D1962B200B05AED /* FirstSwiftUITests.swift */ = {isa = PBXFileReference; lastKnownFileType = sourcecode.swift; path = FirstSwiftUITests.swift; sourceTree = "<group>"; };
		74F4C91D1D1962B200B05AED /* Info.plist */ = {isa = PBXFileReference; lastKnownFileType = text.plist.xml; path = Info.plist; sourceTree = "<group>"; };
/* End PBXFileReference section */

/* Begin PBXFrameworksBuildPhase section */
		74F4C8F51D1962B200B05AED /* Frameworks */ = {
			isa = PBXFrameworksBuildPhase;
			buildActionMask = 2147483647;
			files = (
			);
			runOnlyForDeploymentPostprocessing = 0;
		};
		74F4C9091D1962B200B05AED /* Frameworks */ = {
			isa = PBXFrameworksBuildPhase;
			buildActionMask = 2147483647;
			files = (
			);
			runOnlyForDeploymentPostprocessing = 0;
		};
		74F4C9141D1962B200B05AED /* Frameworks */ = {
			isa = PBXFrameworksBuildPhase;
			buildActionMask = 2147483647;
			files = (
			);
			runOnlyForDeploymentPostprocessing = 0;
		};
/* End PBXFrameworksBuildPhase section */

/* Begin PBXGroup section */
		74F4C8EF1D1962B100B05AED = {
			isa = PBXGroup;
			children = (
				74F4C8FA1D1962B200B05AED /* FirstSwift */,
				74F4C90F1D1962B200B05AED /* FirstSwiftTests */,
				74F4C91A1D1962B200B05AED /* FirstSwiftUITests */,
				74F4C8F91D1962B200B05AED /* Products */,
			);
			sourceTree = "<group>";
		};
		74F4C8F91D1962B200B05AED /* Products */ = {
			isa = PBXGroup;
			children = (
				74F4C8F81D1962B200B05AED /* FirstSwift.app */,
				74F4C90C1D1962B200B05AED /* FirstSwiftTests.xctest */,
				74F4C9171D1962B200B05AED /* FirstSwiftUITests.xctest */,
			);
			name = Products;
			sourceTree = "<group>";
		};
		74F4C8FA1D1962B200B05AED /* FirstSwift */ = {
			isa = PBXGroup;
			children = (
				74F4C8FB1D1962B200B05AED /* AppDelegate.swift */,
				74F4C8FD1D1962B200B05AED /* ViewController.swift */,
				74F4C8FF1D1962B200B05AED /* Main.storyboard */,
				74F4C9021D1962B200B05AED /* Assets.xcassets */,
				74F4C9041D1962B200B05AED /* LaunchScreen.storyboard */,
				74F4C9071D1962B200B05AED /* Info.plist */,
			);
			path = FirstSwift;
			sourceTree = "<group>";
		};
		74F4C90F1D1962B200B05AED /* FirstSwiftTests */ = {
			isa = PBXGroup;
			children = (
				74F4C9101D1962B200B05AED /* FirstSwiftTests.swift */,
				74F4C9121D1962B200B05AED /* Info.plist */,
			);
			path = FirstSwiftTests;
			sourceTree = "<group>";
		};
		74F4C91A1D1962B200B05AED /* FirstSwiftUITests */ = {
			isa = PBXGroup;
			children = (
				74F4C91B1D1962B200B05AED /* FirstSwiftUITests.swift */,
				74F4C91D1D1962B200B05AED /* Info.plist */,
			);
			path = FirstSwiftUITests;
			sourceTree = "<group>";
		};
/* End PBXGroup section */

/* Begin PBXNativeTarget section */
		74F4C8F71D1962B200B05AED /* FirstSwift */ = {
			isa = PBXNativeTarget;
			buildConfigurationList = 74F4C9201D1962B200B05AED /* Build configuration list for PBXNativeTarget "FirstSwift" */;
			buildPhases = (
				74F4C8F41D1962B200B05AED /* Sources */,
				74F4C8F51D1962B200B05AED /* Frameworks */,
				74F4C8F61D1962B200B05AED /* Resources */,
			);
			buildRules = (
			);
			dependencies = (
			);
			name = FirstSwift;
			productName = FirstSwift;
			productReference = 74F4C8F81D1962B200B05AED /* FirstSwift.app */;
			productType = "com.apple.product-type.application";
		};
		74F4C90B1D1962B200B05AED /* FirstSwiftTests */ = {
			isa = PBXNativeTarget;
			buildConfigurationList = 74F4C9231D1962B200B05AED /* Build configuration list for PBXNativeTarget "FirstSwiftTests" */;
			buildPhases = (
				74F4C9081D1962B200B05AED /* Sources */,
				74F4C9091D1962B200B05AED /* Frameworks */,
				74F4C90A1D1962B200B05AED /* Resources */,
			);
			buildRules = (
			);
			dependencies = (
				74F4C90E1D1962B200B05AED /* PBXTargetDependency */,
			);
			name = FirstSwiftTests;
			productName = FirstSwiftTests;
			productReference = 74F4C90C1D1962B200B05AED /* FirstSwiftTests.xctest */;
			productType = "com.apple.product-type.bundle.unit-test";
		};
		74F4C9161D1962B200B05AED /* FirstSwiftUITests */ = {
			isa = PBXNativeTarget;
			buildConfigurationList = 74F4C9261D1962B200B05AED /* Build configuration list for PBXNativeTarget "FirstSwiftUITests" */;
			buildPhases = (
				74F4C9131D1962B200B05AED /* Sources */,
				74F4C9141D1962B200B05AED /* Frameworks */,
				74F4C9151D1962B200B05AED /* Resources */,
			);
			buildRules = (
			);
			dependencies = (
				74F4C9191D1962B200B05AED /* PBXTargetDependency */,
			);
			name = FirstSwiftUITests;
			productName = FirstSwiftUITests;
			productReference = 74F4C9171D1962B200B05AED /* FirstSwiftUITests.xctest */;
			productType = "com.apple.product-type.bundle.ui-testing";
		};
/* End PBXNativeTarget section */

/* Begin PBXProject section */
		74F4C8F01D1962B100B05AED /* Project object */ = {
			isa = PBXProject;
			attributes = {
				LastSwiftUpdateCheck = 0730;
				LastUpgradeCheck = 0730;
				ORGANIZATIONNAME = A;
				TargetAttributes = {
					74F4C8F71D1962B200B05AED = {
						CreatedOnToolsVersion = 7.3;
					};
					74F4C90B1D1962B200B05AED = {
						CreatedOnToolsVersion = 7.3;
						TestTargetID = 74F4C8F71D1962B200B05AED;
					};
					74F4C9161D1962B200B05AED = {
						CreatedOnToolsVersion = 7.3;
						TestTargetID = 74F4C8F71D1962B200B05AED;
					};
				};
			};
			buildConfigurationList = 74F4C8F31D1962B100B05AED /* Build configuration list for PBXProject "FirstSwift" */;
			compatibilityVersion = "Xcode 3.2";
			developmentRegion = English;
			hasScannedForEncodings = 0;
			knownRegions = (
				en,
				Base,
			);
			mainGroup = 74F4C8EF1D1962B100B05AED;
			productRefGroup = 74F4C8F91D1962B200B05AED /* Products */;
			projectDirPath = "";
			projectRoot = "";
			targets = (
				74F4C8F71D1962B200B05AED /* FirstSwift */,
				74F4C90B1D1962B200B05AED /* FirstSwiftTests */,
				74F4C9161D1962B200B05AED /* FirstSwiftUITests */,
			);
		};
/* End PBXProject section */

/* Begin PBXResourcesBuildPhase section */
		74F4C8F61D1962B200B05AED /* Resources */ = {
			isa = PBXResourcesBuildPhase;
			buildActionMask = 2147483647;
			files = (
				74F4C9061D1962B200B05AED /* LaunchScreen.storyboard in Resources */,
				74F4C9031D1962B200B05AED /* Assets.xcassets in Resources */,
				74F4C9011D1962B200B05AED /* Main.storyboard in Resources */,
			);
			runOnlyForDeploymentPostprocessing = 0;
		};
		74F4C90A1D1962B200B05AED /* Resources */ = {
			isa = PBXResourcesBuildPhase;
			buildActionMask = 2147483647;
			files = (
			);
			runOnlyForDeploymentPostprocessing = 0;
		};
		74F4C9151D1962B200B05AED /* Resources */ = {
			isa = PBXResourcesBuildPhase;
			buildActionMask = 2147483647;
			files = (
			);
			runOnlyForDeploymentPostprocessing = 0;
		};
/* End PBXResourcesBuildPhase section */

/* Begin PBXSourcesBuildPhase section */
		74F4C8F41D1962B200B05AED /* Sources */ = {
			isa = PBXSourcesBuildPhase;
			buildActionMask = 2147483647;
			files = (
				74F4C8FE1D1962B200B05AED /* ViewController.swift in Sources */,
				74F4C8FC1D1962B200B05AED /* AppDelegate.swift in Sources */,
			);
			runOnlyForDeploymentPostprocessing = 0;
		};
		74F4C9081D1962B200B05AED /* Sources */ = {
			isa = PBXSourcesBuildPhase;
			buildActionMask = 2147483647;
			files = (
				74F4C9111D1962B200B05AED /* FirstSwiftTests.swift in Sources */,
			);
			runOnlyForDeploymentPostprocessing = 0;
		};
		74F4C9131D1962B200B05AED /* Sources */ = {
			isa = PBXSourcesBuildPhase;
			buildActionMask = 2147483647;
			files = (
				74F4C91C1D1962B200B05AED /* FirstSwiftUITests.swift in Sources */,
			);
			runOnlyForDeploymentPostprocessing = 0;
		};
/* End PBXSourcesBuildPhase section */

/* Begin PBXTargetDependency section */
		74F4C90E1D1962B200B05AED /* PBXTargetDependency */ = {
			isa = PBXTargetDependency;
			target = 74F4C8F71D1962B200B05AED /* FirstSwift */;
			targetProxy = 74F4C90D1D1962B200B05AED /* PBXContainerItemProxy */;
		};
		74F4C9191D1962B200B05AED /* PBXTargetDependency */ = {
			isa = PBXTargetDependency;
			target = 74F4C8F71D1962B200B05AED /* FirstSwift */;
			targetProxy = 74F4C9181D1962B200B05AED /* PBXContainerItemProxy */;
		};
/* End PBXTargetDependency section */

/* Begin PBXVariantGroup section */
		74F4C8FF1D1962B200B05AED /* Main.storyboard */ = {
			isa = PBXVariantGroup;
			children = (
				74F4C9001D1962B200B05AED /* Base */,
			);
			name = Main.storyboard;
			sourceTree = "<group>";
		};
		74F4C9041D1962B200B05AED /* LaunchScreen.storyboard */ = {
			isa = PBXVariantGroup;
			children = (
				74F4C9051D1962B200B05AED /* Base */,
			);
			name = LaunchScreen.storyboard;
			sourceTree = "<group>";
		};
/* End PBXVariantGroup section */

/* Begin XCBuildConfiguration section */
		74F4C91E1D1962B200B05AED /* Debug */ = {
			isa = XCBuildConfiguration;
			buildSettings = {
				ALWAYS_SEARCH_USER_PATHS = NO;
				CLANG_ANALYZER_NONNULL = YES;
				CLANG_CXX_LANGUAGE_STANDARD = "gnu++0x";
				CLANG_CXX_LIBRARY = "libc++";
				CLANG_ENABLE_MODULES = YES;
				CLANG_ENABLE_OBJC_ARC = YES;
				CLANG_WARN_BOOL_CONVERSION = YES;
				CLANG_WARN_CONSTANT_CONVERSION = YES;
				CLANG_WARN_DIRECT_OBJC_ISA_USAGE = YES_ERROR;
				CLANG_WARN_EMPTY_BODY = YES;
				CLANG_WARN_ENUM_CONVERSION = YES;
				CLANG_WARN_INT_CONVERSION = YES;
				CLANG_WARN_OBJC_ROOT_CLASS = YES_ERROR;
				CLANG_WARN_UNREACHABLE_CODE = YES;
				CLANG_WARN__DUPLICATE_METHOD_MATCH = YES;
				"CODE_SIGN_IDENTITY[sdk=iphoneos*]" = "iPhone Developer";
				COPY_PHASE_STRIP = NO;
				DEBUG_INFORMATION_FORMAT = dwarf;
				ENABLE_STRICT_OBJC_MSGSEND = YES;
				ENABLE_TESTABILITY = YES;
				GCC_C_LANGUAGE_STANDARD = gnu99;
				GCC_DYNAMIC_NO_PIC = NO;
				GCC_NO_COMMON_BLOCKS = YES;
				GCC_OPTIMIZATION_LEVEL = 0;
				GCC_PREPROCESSOR_DEFINITIONS = (
					"DEBUG=1",
					"$(inherited)",
				);
				GCC_WARN_64_TO_32_BIT_CONVERSION = YES;
				GCC_WARN_ABOUT_RETURN_TYPE = YES_ERROR;
				GCC_WARN_UNDECLARED_SELECTOR = YES;
				GCC_WARN_UNINITIALIZED_AUTOS = YES_AGGRESSIVE;
				GCC_WARN_UNUSED_FUNCTION = YES;
				GCC_WARN_UNUSED_VARIABLE = YES;
				IPHONEOS_DEPLOYMENT_TARGET = 9.3;
				MTL_ENABLE_DEBUG_INFO = YES;
				ONLY_ACTIVE_ARCH = YES;
				SDKROOT = iphoneos;
				SWIFT_OPTIMIZATION_LEVEL = "-Onone";
				TARGETED_DEVICE_FAMILY = "1,2";
			};
			name = Debug;
		};
		74F4C91F1D1962B200B05AED /* Release */ = {
			isa = XCBuildConfiguration;
			buildSettings = {
				ALWAYS_SEARCH_USER_PATHS = NO;
				CLANG_ANALYZER_NONNULL = YES;
				CLANG_CXX_LANGUAGE_STANDARD = "gnu++0x";
				CLANG_CXX_LIBRARY = "libc++";
				CLANG_ENABLE_MODULES = YES;
				CLANG_ENABLE_OBJC_ARC = YES;
				CLANG_WARN_BOOL_CONVERSION = YES;
				CLANG_WARN_CONSTANT_CONVERSION = YES;
				CLANG_WARN_DIRECT_OBJC_ISA_USAGE = YES_ERROR;
				CLANG_WARN_EMPTY_BODY = YES;
				CLANG_WARN_ENUM_CONVERSION = YES;
				CLANG_WARN_INT_CONVERSION = YES;
				CLANG_WARN_OBJC_ROOT_CLASS = YES_ERROR;
				CLANG_WARN_UNREACHABLE_CODE = YES;
				CLANG_WARN__DUPLICATE_METHOD_MATCH = YES;
				"CODE_SIGN_IDENTITY[sdk=iphoneos*]" = "iPhone Developer";
				COPY_PHASE_STRIP = NO;
				DEBUG_INFORMATION_FORMAT = "dwarf-with-dsym";
				ENABLE_NS_ASSERTIONS = NO;
				ENABLE_STRICT_OBJC_MSGSEND = YES;
				GCC_C_LANGUAGE_STANDARD = gnu99;
				GCC_NO_COMMON_BLOCKS = YES;
				GCC_WARN_64_TO_32_BIT_CONVERSION = YES;
				GCC_WARN_ABOUT_RETURN_TYPE = YES_ERROR;
				GCC_WARN_UNDECLARED_SELECTOR = YES;
				GCC_WARN_UNINITIALIZED_AUTOS = YES_AGGRESSIVE;
				GCC_WARN_UNUSED_FUNCTION = YES;
				GCC_WARN_UNUSED_VARIABLE = YES;
				IPHONEOS_DEPLOYMENT_TARGET = 9.3;
				MTL_ENABLE_DEBUG_INFO = NO;
				SDKROOT = iphoneos;
				TARGETED_DEVICE_FAMILY = "1,2";
				VALIDATE_PRODUCT = YES;
			};
			name = Release;
		};
		74F4C9211D1962B200B05AED /* Debug */ = {
			isa = XCBuildConfiguration;
			buildSettings = {
				ASSETCATALOG_COMPILER_APPICON_NAME = AppIcon;
				INFOPLIST_FILE = FirstSwift/Info.plist;
				LD_RUNPATH_SEARCH_PATHS = "$(inherited) @executable_path/Frameworks";
				PRODUCT_BUNDLE_IDENTIFIER = com.firstSwift.FirstSwift;
				PRODUCT_NAME = "$(TARGET_NAME)";
			};
			name = Debug;
		};
		74F4C9221D1962B200B05AED /* Release */ = {
			isa = XCBuildConfiguration;
			buildSettings = {
				ASSETCATALOG_COMPILER_APPICON_NAME = AppIcon;
				INFOPLIST_FILE = FirstSwift/Info.plist;
				LD_RUNPATH_SEARCH_PATHS = "$(inherited) @executable_path/Frameworks";
				PRODUCT_BUNDLE_IDENTIFIER = com.firstSwift.FirstSwift;
				PRODUCT_NAME = "$(TARGET_NAME)";
			};
			name = Release;
		};
		74F4C9241D1962B200B05AED /* Debug */ = {
			isa = XCBuildConfiguration;
			buildSettings = {
				BUNDLE_LOADER = "$(TEST_HOST)";
				INFOPLIST_FILE = FirstSwiftTests/Info.plist;
				LD_RUNPATH_SEARCH_PATHS = "$(inherited) @executable_path/Frameworks @loader_path/Frameworks";
				PRODUCT_BUNDLE_IDENTIFIER = com.firstSwift.FirstSwiftTests;
				PRODUCT_NAME = "$(TARGET_NAME)";
				TEST_HOST = "$(BUILT_PRODUCTS_DIR)/FirstSwift.app/FirstSwift";
			};
			name = Debug;
		};
		74F4C9251D1962B200B05AED /* Release */ = {
			isa = XCBuildConfiguration;
			buildSettings = {
				BUNDLE_LOADER = "$(TEST_HOST)";
				INFOPLIST_FILE = FirstSwiftTests/Info.plist;
				LD_RUNPATH_SEARCH_PATHS = "$(inherited) @executable_path/Frameworks @loader_path/Frameworks";
				PRODUCT_BUNDLE_IDENTIFIER = com.firstSwift.FirstSwiftTests;
				PRODUCT_NAME = "$(TARGET_NAME)";
				TEST_HOST = "$(BUILT_PRODUCTS_DIR)/FirstSwift.app/FirstSwift";
			};
			name = Release;
		};
		74F4C9271D1962B200B05AED /* Debug */ = {
			isa = XCBuildConfiguration;
			buildSettings = {
				INFOPLIST_FILE = FirstSwiftUITests/Info.plist;
				LD_RUNPATH_SEARCH_PATHS = "$(inherited) @executable_path/Frameworks @loader_path/Frameworks";
				PRODUCT_BUNDLE_IDENTIFIER = com.firstSwift.FirstSwiftUITests;
				PRODUCT_NAME = "$(TARGET_NAME)";
				TEST_TARGET_NAME = FirstSwift;
			};
			name = Debug;
		};
		74F4C9281D1962B200B05AED /* Release */ = {
			isa = XCBuildConfiguration;
			buildSettings = {
				INFOPLIST_FILE = FirstSwiftUITests/Info.plist;
				LD_RUNPATH_SEARCH_PATHS = "$(inherited) @executable_path/Frameworks @loader_path/Frameworks";
				PRODUCT_BUNDLE_IDENTIFIER = com.firstSwift.FirstSwiftUITests;
				PRODUCT_NAME = "$(TARGET_NAME)";
				TEST_TARGET_NAME = FirstSwift;
			};
			name = Release;
		};
/* End XCBuildConfiguration section */

/* Begin XCConfigurationList section */
		74F4C8F31D1962B100B05AED /* Build configuration list for PBXProject "FirstSwift" */ = {
			isa = XCConfigurationList;
			buildConfigurations = (
				74F4C91E1D1962B200B05AED /* Debug */,
				74F4C91F1D1962B200B05AED /* Release */,
			);
			defaultConfigurationIsVisible = 0;
			defaultConfigurationName = Release;
		};
		74F4C9201D1962B200B05AED /* Build configuration list for PBXNativeTarget "FirstSwift" */ = {
			isa = XCConfigurationList;
			buildConfigurations = (
				74F4C9211D1962B200B05AED /* Debug */,
				74F4C9221D1962B200B05AED /* Release */,
			);
			defaultConfigurationIsVisible = 0;
		};
		74F4C9231D1962B200B05AED /* Build configuration list for PBXNativeTarget "FirstSwiftTests" */ = {
			isa = XCConfigurationList;
			buildConfigurations = (
				74F4C9241D1962B200B05AED /* Debug */,
				74F4C9251D1962B200B05AED /* Release */,
			);
			defaultConfigurationIsVisible = 0;
		};
		74F4C9261D1962B200B05AED /* Build configuration list for PBXNativeTarget "FirstSwiftUITests" */ = {
			isa = XCConfigurationList;
			buildConfigurations = (
				74F4C9271D1962B200B05AED /* Debug */,
				74F4C9281D1962B200B05AED /* Release */,
			);
			defaultConfigurationIsVisible = 0;
		};
/* End XCConfigurationList section */
	};
	rootObject = 74F4C8F01D1962B100B05AED /* Project object */;
}
